
Microsoft Visual Studio Solution File, Format Version 12.00
# Visual Studio Version 16
VisualStudioVersion = 16.0.31911.196
MinimumVisualStudioVersion = 10.0.40219.1
Project("{FAE04EC0-301F-11D3-BF4B-00C04F79EFBC}") = "cov19-deaths", "cov19-deaths\cov19-deaths.csproj", "{F73685B4-6BA2-4B21-BA9B-A3BB71E4E134}"
EndProject
Global
	GlobalSection(SolutionConfigurationPlatforms) = preSolution
		Debug|Any CPU = Debug|Any CPU
		Release|Any CPU = Release|Any CPU
	EndGlobalSection
	GlobalSection(ProjectConfigurationPlatforms) = postSolution
		{F73685B4-6BA2-4B21-BA9B-A3BB71E4E134}.Debug|Any CPU.ActiveCfg = Debug|Any CPU
		{F73685B4-6BA2-4B21-BA9B-A3BB71E4E134}.Debug|Any CPU.Build.0 = Debug|Any CPU
		{F73685B4-6BA2-4B21-BA9B-A3BB71E4E134}.Release|Any CPU.ActiveCfg = Release|Any CPU
		{F73685B4-6BA2-4B21-BA9B-A3BB71E4E134}.Release|Any CPU.Build.0 = Release|Any CPU
	EndGlobalSection
	GlobalSection(SolutionProperties) = preSolution
		HideSolutionNode = FALSE
	EndGlobalSection
	GlobalSection(ExtensibilityGlobals) = postSolution
		SolutionGuid = {76944BBF-C60B-4D28-A47D-9B89D1EBA387}
	EndGlobalSection
EndGlobal
